// !$*UTF8*$!
{
	archiveVersion = 1;
	classes = {
	};
	objectVersion = 56;
	objects = {

/* Begin PBXBuildFile section */
		077DB6E82BF9657B00B5FFB3 /* Map_AppApp.swift in Sources */ = {isa = PBXBuildFile; fileRef = 077DB6E72BF9657B00B5FFB3 /* Map_AppApp.swift */; };
		077DB6EA2BF9657B00B5FFB3 /* ContentView.swift in Sources */ = {isa = PBXBuildFile; fileRef = 077DB6E92BF9657B00B5FFB3 /* ContentView.swift */; };
		077DB6EC2BF9657E00B5FFB3 /* Assets.xcassets in Resources */ = {isa = PBXBuildFile; fileRef = 077DB6EB2BF9657E00B5FFB3 /* Assets.xcassets */; };
		077DB6F02BF9657E00B5FFB3 /* Preview Assets.xcassets in Resources */ = {isa = PBXBuildFile; fileRef = 077DB6EF2BF9657E00B5FFB3 /* Preview Assets.xcassets */; };
		077DB6FA2BF9657E00B5FFB3 /* Map_AppTests.swift in Sources */ = {isa = PBXBuildFile; fileRef = 077DB6F92BF9657E00B5FFB3 /* Map_AppTests.swift */; };
		077DB7042BF9657E00B5FFB3 /* Map_AppUITests.swift in Sources */ = {isa = PBXBuildFile; fileRef = 077DB7032BF9657E00B5FFB3 /* Map_AppUITests.swift */; };
		077DB7062BF9657E00B5FFB3 /* Map_AppUITestsLaunchTests.swift in Sources */ = {isa = PBXBuildFile; fileRef = 077DB7052BF9657E00B5FFB3 /* Map_AppUITestsLaunchTests.swift */; };
/* End PBXBuildFile section */

/* Begin PBXContainerItemProxy section */
		077DB6F62BF9657E00B5FFB3 /* PBXContainerItemProxy */ = {
			isa = PBXContainerItemProxy;
			containerPortal = 077DB6DC2BF9657B00B5FFB3 /* Project object */;
			proxyType = 1;
			remoteGlobalIDString = 077DB6E32BF9657B00B5FFB3;
			remoteInfo = Map_App;
		};
		077DB7002BF9657E00B5FFB3 /* PBXContainerItemProxy */ = {
			isa = PBXContainerItemProxy;
			containerPortal = 077DB6DC2BF9657B00B5FFB3 /* Project object */;
			proxyType = 1;
			remoteGlobalIDString = 077DB6E32BF9657B00B5FFB3;
			remoteInfo = Map_App;
		};
/* End PBXContainerItemProxy section */

/* Begin PBXFileReference section */
		077DB6E42BF9657B00B5FFB3 /* Map_App.app */ = {isa = PBXFileReference; explicitFileType = wrapper.application; includeInIndex = 0; path = Map_App.app; sourceTree = BUILT_PRODUCTS_DIR; };
		077DB6E72BF9657B00B5FFB3 /* Map_AppApp.swift */ = {isa = PBXFileReference; lastKnownFileType = sourcecode.swift; path = Map_AppApp.swift; sourceTree = "<group>"; };
		077DB6E92BF9657B00B5FFB3 /* ContentView.swift */ = {isa = PBXFileReference; lastKnownFileType = sourcecode.swift; path = ContentView.swift; sourceTree = "<group>"; };
		077DB6EB2BF9657E00B5FFB3 /* Assets.xcassets */ = {isa = PBXFileReference; lastKnownFileType = folder.assetcatalog; path = Assets.xcassets; sourceTree = "<group>"; };
		077DB6ED2BF9657E00B5FFB3 /* Map_App.entitlements */ = {isa = PBXFileReference; lastKnownFileType = text.plist.entitlements; path = Map_App.entitlements; sourceTree = "<group>"; };
		077DB6EF2BF9657E00B5FFB3 /* Preview Assets.xcassets */ = {isa = PBXFileReference; lastKnownFileType = folder.assetcatalog; path = "Preview Assets.xcassets"; sourceTree = "<group>"; };
		077DB6F52BF9657E00B5FFB3 /* Map_AppTests.xctest */ = {isa = PBXFileReference; explicitFileType = wrapper.cfbundle; includeInIndex = 0; path = Map_AppTests.xctest; sourceTree = BUILT_PRODUCTS_DIR; };
		077DB6F92BF9657E00B5FFB3 /* Map_AppTests.swift */ = {isa = PBXFileReference; lastKnownFileType = sourcecode.swift; path = Map_AppTests.swift; sourceTree = "<group>"; };
		077DB6FF2BF9657E00B5FFB3 /* Map_AppUITests.xctest */ = {isa = PBXFileReference; explicitFileType = wrapper.cfbundle; includeInIndex = 0; path = Map_AppUITests.xctest; sourceTree = BUILT_PRODUCTS_DIR; };
		077DB7032BF9657E00B5FFB3 /* Map_AppUITests.swift */ = {isa = PBXFileReference; lastKnownFileType = sourcecode.swift; path = Map_AppUITests.swift; sourceTree = "<group>"; };
		077DB7052BF9657E00B5FFB3 /* Map_AppUITestsLaunchTests.swift */ = {isa = PBXFileReference; lastKnownFileType = sourcecode.swift; path = Map_AppUITestsLaunchTests.swift; sourceTree = "<group>"; };
/* End PBXFileReference section */

/* Begin PBXFrameworksBuildPhase section */
		077DB6E12BF9657B00B5FFB3 /* Frameworks */ = {
			isa = PBXFrameworksBuildPhase;
			buildActionMask = 2147483647;
			files = (
			);
			runOnlyForDeploymentPostprocessing = 0;
		};
		077DB6F22BF9657E00B5FFB3 /* Frameworks */ = {
			isa = PBXFrameworksBuildPhase;
			buildActionMask = 2147483647;
			files = (
			);
			runOnlyForDeploymentPostprocessing = 0;
		};
		077DB6FC2BF9657E00B5FFB3 /* Frameworks */ = {
			isa = PBXFrameworksBuildPhase;
			buildActionMask = 2147483647;
			files = (
			);
			runOnlyForDeploymentPostprocessing = 0;
		};
/* End PBXFrameworksBuildPhase section */

/* Begin PBXGroup section */
		077DB6DB2BF9657B00B5FFB3 = {
			isa = PBXGroup;
			children = (
				077DB6E62BF9657B00B5FFB3 /* Map_App */,
				077DB6F82BF9657E00B5FFB3 /* Map_AppTests */,
				077DB7022BF9657E00B5FFB3 /* Map_AppUITests */,
				077DB6E52BF9657B00B5FFB3 /* Products */,
			);
			sourceTree = "<group>";
		};
		077DB6E52BF9657B00B5FFB3 /* Products */ = {
			isa = PBXGroup;
			children = (
				077DB6E42BF9657B00B5FFB3 /* Map_App.app */,
				077DB6F52BF9657E00B5FFB3 /* Map_AppTests.xctest */,
				077DB6FF2BF9657E00B5FFB3 /* Map_AppUITests.xctest */,
			);
			name = Products;
			sourceTree = "<group>";
		};
		077DB6E62BF9657B00B5FFB3 /* Map_App */ = {
			isa = PBXGroup;
			children = (
				077DB6E72BF9657B00B5FFB3 /* Map_AppApp.swift */,
				077DB6E92BF9657B00B5FFB3 /* ContentView.swift */,
				077DB6EB2BF9657E00B5FFB3 /* Assets.xcassets */,
				077DB6ED2BF9657E00B5FFB3 /* Map_App.entitlements */,
				077DB6EE2BF9657E00B5FFB3 /* Preview Content */,
			);
			path = Map_App;
			sourceTree = "<group>";
		};
		077DB6EE2BF9657E00B5FFB3 /* Preview Content */ = {
			isa = PBXGroup;
			children = (
				077DB6EF2BF9657E00B5FFB3 /* Preview Assets.xcassets */,
			);
			path = "Preview Content";
			sourceTree = "<group>";
		};
		077DB6F82BF9657E00B5FFB3 /* Map_AppTests */ = {
			isa = PBXGroup;
			children = (
				077DB6F92BF9657E00B5FFB3 /* Map_AppTests.swift */,
			);
			path = Map_AppTests;
			sourceTree = "<group>";
		};
		077DB7022BF9657E00B5FFB3 /* Map_AppUITests */ = {
			isa = PBXGroup;
			children = (
				077DB7032BF9657E00B5FFB3 /* Map_AppUITests.swift */,
				077DB7052BF9657E00B5FFB3 /* Map_AppUITestsLaunchTests.swift */,
			);
			path = Map_AppUITests;
			sourceTree = "<group>";
		};
/* End PBXGroup section */

/* Begin PBXNativeTarget section */
		077DB6E32BF9657B00B5FFB3 /* Map_App */ = {
			isa = PBXNativeTarget;
			buildConfigurationList = 077DB7092BF9657E00B5FFB3 /* Build configuration list for PBXNativeTarget "Map_App" */;
			buildPhases = (
				077DB6E02BF9657B00B5FFB3 /* Sources */,
				077DB6E12BF9657B00B5FFB3 /* Frameworks */,
				077DB6E22BF9657B00B5FFB3 /* Resources */,
			);
			buildRules = (
			);
			dependencies = (
			);
			name = Map_App;
			productName = Map_App;
			productReference = 077DB6E42BF9657B00B5FFB3 /* Map_App.app */;
			productType = "com.apple.product-type.application";
		};
		077DB6F42BF9657E00B5FFB3 /* Map_AppTests */ = {
			isa = PBXNativeTarget;
			buildConfigurationList = 077DB70C2BF9657E00B5FFB3 /* Build configuration list for PBXNativeTarget "Map_AppTests" */;
			buildPhases = (
				077DB6F12BF9657E00B5FFB3 /* Sources */,
				077DB6F22BF9657E00B5FFB3 /* Frameworks */,
				077DB6F32BF9657E00B5FFB3 /* Resources */,
			);
			buildRules = (
			);
			dependencies = (
				077DB6F72BF9657E00B5FFB3 /* PBXTargetDependency */,
			);
			name = Map_AppTests;
			productName = Map_AppTests;
			productReference = 077DB6F52BF9657E00B5FFB3 /* Map_AppTests.xctest */;
			productType = "com.apple.product-type.bundle.unit-test";
		};
		077DB6FE2BF9657E00B5FFB3 /* Map_AppUITests */ = {
			isa = PBXNativeTarget;
			buildConfigurationList = 077DB70F2BF9657E00B5FFB3 /* Build configuration list for PBXNativeTarget "Map_AppUITests" */;
			buildPhases = (
				077DB6FB2BF9657E00B5FFB3 /* Sources */,
				077DB6FC2BF9657E00B5FFB3 /* Frameworks */,
				077DB6FD2BF9657E00B5FFB3 /* Resources */,
			);
			buildRules = (
			);
			dependencies = (
				077DB7012BF9657E00B5FFB3 /* PBXTargetDependency */,
			);
			name = Map_AppUITests;
			productName = Map_AppUITests;
			productReference = 077DB6FF2BF9657E00B5FFB3 /* Map_AppUITests.xctest */;
			productType = "com.apple.product-type.bundle.ui-testing";
		};
/* End PBXNativeTarget section */

/* Begin PBXProject section */
		077DB6DC2BF9657B00B5FFB3 /* Project object */ = {
			isa = PBXProject;
			attributes = {
				BuildIndependentTargetsInParallel = 1;
				LastSwiftUpdateCheck = 1520;
				LastUpgradeCheck = 1520;
				TargetAttributes = {
					077DB6E32BF9657B00B5FFB3 = {
						CreatedOnToolsVersion = 15.2;
					};
					077DB6F42BF9657E00B5FFB3 = {
						CreatedOnToolsVersion = 15.2;
						TestTargetID = 077DB6E32BF9657B00B5FFB3;
					};
					077DB6FE2BF9657E00B5FFB3 = {
						CreatedOnToolsVersion = 15.2;
						TestTargetID = 077DB6E32BF9657B00B5FFB3;
					};
				};
			};
			buildConfigurationList = 077DB6DF2BF9657B00B5FFB3 /* Build configuration list for PBXProject "Map_App" */;
			compatibilityVersion = "Xcode 14.0";
			developmentRegion = en;
			hasScannedForEncodings = 0;
			knownRegions = (
				en,
				Base,
			);
			mainGroup = 077DB6DB2BF9657B00B5FFB3;
			productRefGroup = 077DB6E52BF9657B00B5FFB3 /* Products */;
			projectDirPath = "";
			projectRoot = "";
			targets = (
				077DB6E32BF9657B00B5FFB3 /* Map_App */,
				077DB6F42BF9657E00B5FFB3 /* Map_AppTests */,
				077DB6FE2BF9657E00B5FFB3 /* Map_AppUITests */,
			);
		};
/* End PBXProject section */

/* Begin PBXResourcesBuildPhase section */
		077DB6E22BF9657B00B5FFB3 /* Resources */ = {
			isa = PBXResourcesBuildPhase;
			buildActionMask = 2147483647;
			files = (
				077DB6F02BF9657E00B5FFB3 /* Preview Assets.xcassets in Resources */,
				077DB6EC2BF9657E00B5FFB3 /* Assets.xcassets in Resources */,
			);
			runOnlyForDeploymentPostprocessing = 0;
		};
		077DB6F32BF9657E00B5FFB3 /* Resources */ = {
			isa = PBXResourcesBuildPhase;
			buildActionMask = 2147483647;
			files = (
			);
			runOnlyForDeploymentPostprocessing = 0;
		};
		077DB6FD2BF9657E00B5FFB3 /* Resources */ = {
			isa = PBXResourcesBuildPhase;
			buildActionMask = 2147483647;
			files = (
			);
			runOnlyForDeploymentPostprocessing = 0;
		};
/* End PBXResourcesBuildPhase section */

/* Begin PBXSourcesBuildPhase section */
		077DB6E02BF9657B00B5FFB3 /* Sources */ = {
			isa = PBXSourcesBuildPhase;
			buildActionMask = 2147483647;
			files = (
				077DB6EA2BF9657B00B5FFB3 /* ContentView.swift in Sources */,
				077DB6E82BF9657B00B5FFB3 /* Map_AppApp.swift in Sources */,
			);
			runOnlyForDeploymentPostprocessing = 0;
		};
		077DB6F12BF9657E00B5FFB3 /* Sources */ = {
			isa = PBXSourcesBuildPhase;
			buildActionMask = 2147483647;
			files = (
				077DB6FA2BF9657E00B5FFB3 /* Map_AppTests.swift in Sources */,
			);
			runOnlyForDeploymentPostprocessing = 0;
		};
		077DB6FB2BF9657E00B5FFB3 /* Sources */ = {
			isa = PBXSourcesBuildPhase;
			buildActionMask = 2147483647;
			files = (
				077DB7042BF9657E00B5FFB3 /* Map_AppUITests.swift in Sources */,
				077DB7062BF9657E00B5FFB3 /* Map_AppUITestsLaunchTests.swift in Sources */,
			);
			runOnlyForDeploymentPostprocessing = 0;
		};
/* End PBXSourcesBuildPhase section */

/* Begin PBXTargetDependency section */
		077DB6F72BF9657E00B5FFB3 /* PBXTargetDependency */ = {
			isa = PBXTargetDependency;
			target = 077DB6E32BF9657B00B5FFB3 /* Map_App */;
			targetProxy = 077DB6F62BF9657E00B5FFB3 /* PBXContainerItemProxy */;
		};
		077DB7012BF9657E00B5FFB3 /* PBXTargetDependency */ = {
			isa = PBXTargetDependency;
			target = 077DB6E32BF9657B00B5FFB3 /* Map_App */;
			targetProxy = 077DB7002BF9657E00B5FFB3 /* PBXContainerItemProxy */;
		};
/* End PBXTargetDependency section */

/* Begin XCBuildConfiguration section */
		077DB7072BF9657E00B5FFB3 /* Debug */ = {
			isa = XCBuildConfiguration;
			buildSettings = {
				ALWAYS_SEARCH_USER_PATHS = NO;
				ASSETCATALOG_COMPILER_GENERATE_SWIFT_ASSET_SYMBOL_EXTENSIONS = YES;
				CLANG_ANALYZER_NONNULL = YES;
				CLANG_ANALYZER_NUMBER_OBJECT_CONVERSION = YES_AGGRESSIVE;
				CLANG_CXX_LANGUAGE_STANDARD = "gnu++20";
				CLANG_ENABLE_MODULES = YES;
				CLANG_ENABLE_OBJC_ARC = YES;
				CLANG_ENABLE_OBJC_WEAK = YES;
				CLANG_WARN_BLOCK_CAPTURE_AUTORELEASING = YES;
				CLANG_WARN_BOOL_CONVERSION = YES;
				CLANG_WARN_COMMA = YES;
				CLANG_WARN_CONSTANT_CONVERSION = YES;
				CLANG_WARN_DEPRECATED_OBJC_IMPLEMENTATIONS = YES;
				CLANG_WARN_DIRECT_OBJC_ISA_USAGE = YES_ERROR;
				CLANG_WARN_DOCUMENTATION_COMMENTS = YES;
				CLANG_WARN_EMPTY_BODY = YES;
				CLANG_WARN_ENUM_CONVERSION = YES;
				CLANG_WARN_INFINITE_RECURSION = YES;
				CLANG_WARN_INT_CONVERSION = YES;
				CLANG_WARN_NON_LITERAL_NULL_CONVERSION = YES;
				CLANG_WARN_OBJC_IMPLICIT_RETAIN_SELF = YES;
				CLANG_WARN_OBJC_LITERAL_CONVERSION = YES;
				CLANG_WARN_OBJC_ROOT_CLASS = YES_ERROR;
				CLANG_WARN_QUOTED_INCLUDE_IN_FRAMEWORK_HEADER = YES;
				CLANG_WARN_RANGE_LOOP_ANALYSIS = YES;
				CLANG_WARN_STRICT_PROTOTYPES = YES;
				CLANG_WARN_SUSPICIOUS_MOVE = YES;
				CLANG_WARN_UNGUARDED_AVAILABILITY = YES_AGGRESSIVE;
				CLANG_WARN_UNREACHABLE_CODE = YES;
				CLANG_WARN__DUPLICATE_METHOD_MATCH = YES;
				COPY_PHASE_STRIP = NO;
				DEBUG_INFORMATION_FORMAT = dwarf;
				ENABLE_STRICT_OBJC_MSGSEND = YES;
				ENABLE_TESTABILITY = YES;
				ENABLE_USER_SCRIPT_SANDBOXING = YES;
				GCC_C_LANGUAGE_STANDARD = gnu17;
				GCC_DYNAMIC_NO_PIC = NO;
				GCC_NO_COMMON_BLOCKS = YES;
				GCC_OPTIMIZATION_LEVEL = 0;
				GCC_PREPROCESSOR_DEFINITIONS = (
					"DEBUG=1",
					"$(inherited)",
				);
				GCC_WARN_64_TO_32_BIT_CONVERSION = YES;
				GCC_WARN_ABOUT_RETURN_TYPE = YES_ERROR;
				GCC_WARN_UNDECLARED_SELECTOR = YES;
				GCC_WARN_UNINITIALIZED_AUTOS = YES_AGGRESSIVE;
				GCC_WARN_UNUSED_FUNCTION = YES;
				GCC_WARN_UNUSED_VARIABLE = YES;
				LOCALIZATION_PREFERS_STRING_CATALOGS = YES;
				MTL_ENABLE_DEBUG_INFO = INCLUDE_SOURCE;
				MTL_FAST_MATH = YES;
				ONLY_ACTIVE_ARCH = YES;
				SWIFT_ACTIVE_COMPILATION_CONDITIONS = "DEBUG $(inherited)";
				SWIFT_OPTIMIZATION_LEVEL = "-Onone";
			};
			name = Debug;
		};
		077DB7082BF9657E00B5FFB3 /* Release */ = {
			isa = XCBuildConfiguration;
			buildSettings = {
				ALWAYS_SEARCH_USER_PATHS = NO;
				ASSETCATALOG_COMPILER_GENERATE_SWIFT_ASSET_SYMBOL_EXTENSIONS = YES;
				CLANG_ANALYZER_NONNULL = YES;
				CLANG_ANALYZER_NUMBER_OBJECT_CONVERSION = YES_AGGRESSIVE;
				CLANG_CXX_LANGUAGE_STANDARD = "gnu++20";
				CLANG_ENABLE_MODULES = YES;
				CLANG_ENABLE_OBJC_ARC = YES;
				CLANG_ENABLE_OBJC_WEAK = YES;
				CLANG_WARN_BLOCK_CAPTURE_AUTORELEASING = YES;
				CLANG_WARN_BOOL_CONVERSION = YES;
				CLANG_WARN_COMMA = YES;
				CLANG_WARN_CONSTANT_CONVERSION = YES;
				CLANG_WARN_DEPRECATED_OBJC_IMPLEMENTATIONS = YES;
				CLANG_WARN_DIRECT_OBJC_ISA_USAGE = YES_ERROR;
				CLANG_WARN_DOCUMENTATION_COMMENTS = YES;
				CLANG_WARN_EMPTY_BODY = YES;
				CLANG_WARN_ENUM_CONVERSION = YES;
				CLANG_WARN_INFINITE_RECURSION = YES;
				CLANG_WARN_INT_CONVERSION = YES;
				CLANG_WARN_NON_LITERAL_NULL_CONVERSION = YES;
				CLANG_WARN_OBJC_IMPLICIT_RETAIN_SELF = YES;
				CLANG_WARN_OBJC_LITERAL_CONVERSION = YES;
				CLANG_WARN_OBJC_ROOT_CLASS = YES_ERROR;
				CLANG_WARN_QUOTED_INCLUDE_IN_FRAMEWORK_HEADER = YES;
				CLANG_WARN_RANGE_LOOP_ANALYSIS = YES;
				CLANG_WARN_STRICT_PROTOTYPES = YES;
				CLANG_WARN_SUSPICIOUS_MOVE = YES;
				CLANG_WARN_UNGUARDED_AVAILABILITY = YES_AGGRESSIVE;
				CLANG_WARN_UNREACHABLE_CODE = YES;
				CLANG_WARN__DUPLICATE_METHOD_MATCH = YES;
				COPY_PHASE_STRIP = NO;
				DEBUG_INFORMATION_FORMAT = "dwarf-with-dsym";
				ENABLE_NS_ASSERTIONS = NO;
				ENABLE_STRICT_OBJC_MSGSEND = YES;
				ENABLE_USER_SCRIPT_SANDBOXING = YES;
				GCC_C_LANGUAGE_STANDARD = gnu17;
				GCC_NO_COMMON_BLOCKS = YES;
				GCC_WARN_64_TO_32_BIT_CONVERSION = YES;
				GCC_WARN_ABOUT_RETURN_TYPE = YES_ERROR;
				GCC_WARN_UNDECLARED_SELECTOR = YES;
				GCC_WARN_UNINITIALIZED_AUTOS = YES_AGGRESSIVE;
				GCC_WARN_UNUSED_FUNCTION = YES;
				GCC_WARN_UNUSED_VARIABLE = YES;
				LOCALIZATION_PREFERS_STRING_CATALOGS = YES;
				MTL_ENABLE_DEBUG_INFO = NO;
				MTL_FAST_MATH = YES;
				SWIFT_COMPILATION_MODE = wholemodule;
			};
			name = Release;
		};
		077DB70A2BF9657E00B5FFB3 /* Debug */ = {
			isa = XCBuildConfiguration;
			buildSettings = {
				ASSETCATALOG_COMPILER_APPICON_NAME = AppIcon;
				ASSETCATALOG_COMPILER_GLOBAL_ACCENT_COLOR_NAME = AccentColor;
				CODE_SIGN_ENTITLEMENTS = Map_App/Map_App.entitlements;
				CODE_SIGN_STYLE = Automatic;
				CURRENT_PROJECT_VERSION = 1;
				DEVELOPMENT_ASSET_PATHS = "\"Map_App/Preview Content\"";
				ENABLE_PREVIEWS = YES;
				GENERATE_INFOPLIST_FILE = YES;
				"INFOPLIST_KEY_UIApplicationSceneManifest_Generation[sdk=iphoneos*]" = YES;
				"INFOPLIST_KEY_UIApplicationSceneManifest_Generation[sdk=iphonesimulator*]" = YES;
				"INFOPLIST_KEY_UIApplicationSupportsIndirectInputEvents[sdk=iphoneos*]" = YES;
				"INFOPLIST_KEY_UIApplicationSupportsIndirectInputEvents[sdk=iphonesimulator*]" = YES;
				"INFOPLIST_KEY_UILaunchScreen_Generation[sdk=iphoneos*]" = YES;
				"INFOPLIST_KEY_UILaunchScreen_Generation[sdk=iphonesimulator*]" = YES;
				"INFOPLIST_KEY_UIStatusBarStyle[sdk=iphoneos*]" = UIStatusBarStyleDefault;
				"INFOPLIST_KEY_UIStatusBarStyle[sdk=iphonesimulator*]" = UIStatusBarStyleDefault;
				INFOPLIST_KEY_UISupportedInterfaceOrientations_iPad = "UIInterfaceOrientationPortrait UIInterfaceOrientationPortraitUpsideDown UIInterfaceOrientationLandscapeLeft UIInterfaceOrientationLandscapeRight";
				INFOPLIST_KEY_UISupportedInterfaceOrientations_iPhone = "UIInterfaceOrientationPortrait UIInterfaceOrientationLandscapeLeft UIInterfaceOrientationLandscapeRight";
				IPHONEOS_DEPLOYMENT_TARGET = 17.2;
				LD_RUNPATH_SEARCH_PATHS = "@executable_path/Frameworks";
				"LD_RUNPATH_SEARCH_PATHS[sdk=macosx*]" = "@executable_path/../Frameworks";
				MACOSX_DEPLOYMENT_TARGET = 13.5;
				MARKETING_VERSION = 1.0;
				PRODUCT_BUNDLE_IDENTIFIER = "Pentaurus.Map-App";
				PRODUCT_NAME = "$(TARGET_NAME)";
				SDKROOT = auto;
				SUPPORTED_PLATFORMS = "iphoneos iphonesimulator macosx";
				SWIFT_EMIT_LOC_STRINGS = YES;
				SWIFT_VERSION = 5.0;
				TARGETED_DEVICE_FAMILY = "1,2";
			};
			name = Debug;
		};
		077DB70B2BF9657E00B5FFB3 /* Release */ = {
			isa = XCBuildConfiguration;
			buildSettings = {
				ASSETCATALOG_COMPILER_APPICON_NAME = AppIcon;
				ASSETCATALOG_COMPILER_GLOBAL_ACCENT_COLOR_NAME = AccentColor;
				CODE_SIGN_ENTITLEMENTS = Map_App/Map_App.entitlements;
				CODE_SIGN_STYLE = Automatic;
				CURRENT_PROJECT_VERSION = 1;
				DEVELOPMENT_ASSET_PATHS = "\"Map_App/Preview Content\"";
				ENABLE_PREVIEWS = YES;
				GENERATE_INFOPLIST_FILE = YES;
				"INFOPLIST_KEY_UIApplicationSceneManifest_Generation[sdk=iphoneos*]" = YES;
				"INFOPLIST_KEY_UIApplicationSceneManifest_Generation[sdk=iphonesimulator*]" = YES;
				"INFOPLIST_KEY_UIApplicationSupportsIndirectInputEvents[sdk=iphoneos*]" = YES;
				"INFOPLIST_KEY_UIApplicationSupportsIndirectInputEvents[sdk=iphonesimulator*]" = YES;
				"INFOPLIST_KEY_UILaunchScreen_Generation[sdk=iphoneos*]" = YES;
				"INFOPLIST_KEY_UILaunchScreen_Generation[sdk=iphonesimulator*]" = YES;
				"INFOPLIST_KEY_UIStatusBarStyle[sdk=iphoneos*]" = UIStatusBarStyleDefault;
				"INFOPLIST_KEY_UIStatusBarStyle[sdk=iphonesimulator*]" = UIStatusBarStyleDefault;
				INFOPLIST_KEY_UISupportedInterfaceOrientations_iPad = "UIInterfaceOrientationPortrait UIInterfaceOrientationPortraitUpsideDown UIInterfaceOrientationLandscapeLeft UIInterfaceOrientationLandscapeRight";
				INFOPLIST_KEY_UISupportedInterfaceOrientations_iPhone = "UIInterfaceOrientationPortrait UIInterfaceOrientationLandscapeLeft UIInterfaceOrientationLandscapeRight";
				IPHONEOS_DEPLOYMENT_TARGET = 17.2;
				LD_RUNPATH_SEARCH_PATHS = "@executable_path/Frameworks";
				"LD_RUNPATH_SEARCH_PATHS[sdk=macosx*]" = "@executable_path/../Frameworks";
				MACOSX_DEPLOYMENT_TARGET = 13.5;
				MARKETING_VERSION = 1.0;
				PRODUCT_BUNDLE_IDENTIFIER = "Pentaurus.Map-App";
				PRODUCT_NAME = "$(TARGET_NAME)";
				SDKROOT = auto;
				SUPPORTED_PLATFORMS = "iphoneos iphonesimulator macosx";
				SWIFT_EMIT_LOC_STRINGS = YES;
				SWIFT_VERSION = 5.0;
				TARGETED_DEVICE_FAMILY = "1,2";
			};
			name = Release;
		};
		077DB70D2BF9657E00B5FFB3 /* Debug */ = {
			isa = XCBuildConfiguration;
			buildSettings = {
				ALWAYS_EMBED_SWIFT_STANDARD_LIBRARIES = YES;
				BUNDLE_LOADER = "$(TEST_HOST)";
				CODE_SIGN_STYLE = Automatic;
				CURRENT_PROJECT_VERSION = 1;
				GENERATE_INFOPLIST_FILE = YES;
				IPHONEOS_DEPLOYMENT_TARGET = 17.2;
				MACOSX_DEPLOYMENT_TARGET = 13.5;
				MARKETING_VERSION = 1.0;
				PRODUCT_BUNDLE_IDENTIFIER = "Pentaurus.Map-AppTests";
				PRODUCT_NAME = "$(TARGET_NAME)";
				SDKROOT = auto;
				SUPPORTED_PLATFORMS = "iphoneos iphonesimulator macosx";
				SWIFT_EMIT_LOC_STRINGS = NO;
				SWIFT_VERSION = 5.0;
				TARGETED_DEVICE_FAMILY = "1,2";
				TEST_HOST = "$(BUILT_PRODUCTS_DIR)/Map_App.app/$(BUNDLE_EXECUTABLE_FOLDER_PATH)/Map_App";
			};
			name = Debug;
		};
		077DB70E2BF9657E00B5FFB3 /* Release */ = {
			isa = XCBuildConfiguration;
			buildSettings = {
				ALWAYS_EMBED_SWIFT_STANDARD_LIBRARIES = YES;
				BUNDLE_LOADER = "$(TEST_HOST)";
				CODE_SIGN_STYLE = Automatic;
				CURRENT_PROJECT_VERSION = 1;
				GENERATE_INFOPLIST_FILE = YES;
				IPHONEOS_DEPLOYMENT_TARGET = 17.2;
				MACOSX_DEPLOYMENT_TARGET = 13.5;
				MARKETING_VERSION = 1.0;
				PRODUCT_BUNDLE_IDENTIFIER = "Pentaurus.Map-AppTests";
				PRODUCT_NAME = "$(TARGET_NAME)";
				SDKROOT = auto;
				SUPPORTED_PLATFORMS = "iphoneos iphonesimulator macosx";
				SWIFT_EMIT_LOC_STRINGS = NO;
				SWIFT_VERSION = 5.0;
				TARGETED_DEVICE_FAMILY = "1,2";
				TEST_HOST = "$(BUILT_PRODUCTS_DIR)/Map_App.app/$(BUNDLE_EXECUTABLE_FOLDER_PATH)/Map_App";
			};
			name = Release;
		};
		077DB7102BF9657E00B5FFB3 /* Debug */ = {
			isa = XCBuildConfiguration;
			buildSettings = {
				ALWAYS_EMBED_SWIFT_STANDARD_LIBRARIES = YES;
				CODE_SIGN_STYLE = Automatic;
				CURRENT_PROJECT_VERSION = 1;
				GENERATE_INFOPLIST_FILE = YES;
				IPHONEOS_DEPLOYMENT_TARGET = 17.2;
				MACOSX_DEPLOYMENT_TARGET = 13.5;
				MARKETING_VERSION = 1.0;
				PRODUCT_BUNDLE_IDENTIFIER = "Pentaurus.Map-AppUITests";
				PRODUCT_NAME = "$(TARGET_NAME)";
				SDKROOT = auto;
				SUPPORTED_PLATFORMS = "iphoneos iphonesimulator macosx";
				SWIFT_EMIT_LOC_STRINGS = NO;
				SWIFT_VERSION = 5.0;
				TARGETED_DEVICE_FAMILY = "1,2";
				TEST_TARGET_NAME = Map_App;
			};
			name = Debug;
		};
		077DB7112BF9657E00B5FFB3 /* Release */ = {
			isa = XCBuildConfiguration;
			buildSettings = {
				ALWAYS_EMBED_SWIFT_STANDARD_LIBRARIES = YES;
				CODE_SIGN_STYLE = Automatic;
				CURRENT_PROJECT_VERSION = 1;
				GENERATE_INFOPLIST_FILE = YES;
				IPHONEOS_DEPLOYMENT_TARGET = 17.2;
				MACOSX_DEPLOYMENT_TARGET = 13.5;
				MARKETING_VERSION = 1.0;
				PRODUCT_BUNDLE_IDENTIFIER = "Pentaurus.Map-AppUITests";
				PRODUCT_NAME = "$(TARGET_NAME)";
				SDKROOT = auto;
				SUPPORTED_PLATFORMS = "iphoneos iphonesimulator macosx";
				SWIFT_EMIT_LOC_STRINGS = NO;
				SWIFT_VERSION = 5.0;
				TARGETED_DEVICE_FAMILY = "1,2";
				TEST_TARGET_NAME = Map_App;
			};
			name = Release;
		};
/* End XCBuildConfiguration section */

/* Begin XCConfigurationList section */
		077DB6DF2BF9657B00B5FFB3 /* Build configuration list for PBXProject "Map_App" */ = {
			isa = XCConfigurationList;
			buildConfigurations = (
				077DB7072BF9657E00B5FFB3 /* Debug */,
				077DB7082BF9657E00B5FFB3 /* Release */,
			);
			defaultConfigurationIsVisible = 0;
			defaultConfigurationName = Release;
		};
		077DB7092BF9657E00B5FFB3 /* Build configuration list for PBXNativeTarget "Map_App" */ = {
			isa = XCConfigurationList;
			buildConfigurations = (
				077DB70A2BF9657E00B5FFB3 /* Debug */,
				077DB70B2BF9657E00B5FFB3 /* Release */,
			);
			defaultConfigurationIsVisible = 0;
			defaultConfigurationName = Release;
		};
		077DB70C2BF9657E00B5FFB3 /* Build configuration list for PBXNativeTarget "Map_AppTests" */ = {
			isa = XCConfigurationList;
			buildConfigurations = (
				077DB70D2BF9657E00B5FFB3 /* Debug */,
				077DB70E2BF9657E00B5FFB3 /* Release */,
			);
			defaultConfigurationIsVisible = 0;
			defaultConfigurationName = Release;
		};
		077DB70F2BF9657E00B5FFB3 /* Build configuration list for PBXNativeTarget "Map_AppUITests" */ = {
			isa = XCConfigurationList;
			buildConfigurations = (
				077DB7102BF9657E00B5FFB3 /* Debug */,
				077DB7112BF9657E00B5FFB3 /* Release */,
			);
			defaultConfigurationIsVisible = 0;
			defaultConfigurationName = Release;
		};
/* End XCConfigurationList section */
	};
	rootObject = 077DB6DC2BF9657B00B5FFB3 /* Project object */;
}
